
Microsoft Visual Studio Solution File, Format Version 12.00
# Visual Studio Version 17
VisualStudioVersion = 17.5.33209.295
MinimumVisualStudioVersion = 10.0.40219.1
Project("{2150E333-8FDC-42A3-9474-1A3956D46DE8}") = "_Documentation", "_Documentation", "{2B227197-B5FA-49D7-9D5C-2D0E643A5FA0}"
EndProject
Project("{2150E333-8FDC-42A3-9474-1A3956D46DE8}") = "Clients", "Clients", "{BE18D087-D538-4650-8DF1-444B7AB58B3F}"
EndProject
Project("{2150E333-8FDC-42A3-9474-1A3956D46DE8}") = "Functions", "Functions", "{5907A031-DD96-4ED8-9CB4-3710B6B9CBCC}"
EndProject
Project("{2150E333-8FDC-42A3-9474-1A3956D46DE8}") = "Landings", "Landings", "{0928F6BC-83D6-4E20-A6F7-DC6169D9AE6A}"
EndProject
Project("{2150E333-8FDC-42A3-9474-1A3956D46DE8}") = "Decryption", "Decryption", "{A09798E1-EBD3-451B-AC37-778682606B7B}"
EndProject
Project("{9A19103F-16F7-4668-BE54-9A1E7A4F7556}") = "LHDS.Functions.Decryption", "LHDS.Functions.Decryption\LHDS.Functions.Decryption.csproj", "{D6982F0D-780C-4C3A-BDF8-EAA2F69CFC2C}"
EndProject
Project("{9A19103F-16F7-4668-BE54-9A1E7A4F7556}") = "LHDS.Functions.Landings.Emis", "LHDS.Functions.Landings.Emis\LHDS.Functions.Landings.Emis.csproj", "{5F84A76F-0702-4DC4-AD51-FD1C61A2790F}"
EndProject
Project("{9A19103F-16F7-4668-BE54-9A1E7A4F7556}") = "LHDS.Functions.Landings.Tpp", "LHDS.Functions.Landings.Tpp\LHDS.Functions.Landings.Tpp.csproj", "{C6FC759D-FA75-4231-8685-1029E06E5905}"
EndProject
Project("{9A19103F-16F7-4668-BE54-9A1E7A4F7556}") = "LHDS.Core", "LHDS.Core\LHDS.Core.csproj", "{36A96BC9-1D54-4593-9BB9-77BAA7FC31E5}"
EndProject
Project("{9A19103F-16F7-4668-BE54-9A1E7A4F7556}") = "LHDS.Core.Tests.Acceptance", "LHDS.Core.Tests.Acceptance\LHDS.Core.Tests.Acceptance.csproj", "{3F1D2C9B-3259-4501-9481-231CFE52F5AE}"
EndProject
Project("{9A19103F-16F7-4668-BE54-9A1E7A4F7556}") = "LHDS.Core.Tests.Unit", "LHDS.Core.Tests.Unit\LHDS.Core.Tests.Unit.csproj", "{637F5998-1B8B-4CF7-AA9B-6D4FAA683CB7}"
EndProject
Project("{9A19103F-16F7-4668-BE54-9A1E7A4F7556}") = "LHDS.Core.Landings.Tests.Manual", "LHDS.Core.Landings.Tests.Manual\LHDS.Core.Landings.Tests.Manual.csproj", "{1EDBFBA4-A5F6-49A2-95C0-35A70D2A9EE0}"
EndProject
Global
	GlobalSection(SolutionConfigurationPlatforms) = preSolution
		Acceptance|Any CPU = Acceptance|Any CPU
		Debug|Any CPU = Debug|Any CPU
		Release|Any CPU = Release|Any CPU
		Test|Any CPU = Test|Any CPU
	EndGlobalSection
	GlobalSection(ProjectConfigurationPlatforms) = postSolution
		{D6982F0D-780C-4C3A-BDF8-EAA2F69CFC2C}.Acceptance|Any CPU.ActiveCfg = Debug|Any CPU
		{D6982F0D-780C-4C3A-BDF8-EAA2F69CFC2C}.Acceptance|Any CPU.Build.0 = Debug|Any CPU
		{D6982F0D-780C-4C3A-BDF8-EAA2F69CFC2C}.Debug|Any CPU.ActiveCfg = Debug|Any CPU
		{D6982F0D-780C-4C3A-BDF8-EAA2F69CFC2C}.Debug|Any CPU.Build.0 = Debug|Any CPU
		{D6982F0D-780C-4C3A-BDF8-EAA2F69CFC2C}.Release|Any CPU.ActiveCfg = Release|Any CPU
		{D6982F0D-780C-4C3A-BDF8-EAA2F69CFC2C}.Release|Any CPU.Build.0 = Release|Any CPU
		{D6982F0D-780C-4C3A-BDF8-EAA2F69CFC2C}.Test|Any CPU.ActiveCfg = Debug|Any CPU
		{D6982F0D-780C-4C3A-BDF8-EAA2F69CFC2C}.Test|Any CPU.Build.0 = Debug|Any CPU
		{5F84A76F-0702-4DC4-AD51-FD1C61A2790F}.Acceptance|Any CPU.ActiveCfg = Debug|Any CPU
		{5F84A76F-0702-4DC4-AD51-FD1C61A2790F}.Acceptance|Any CPU.Build.0 = Debug|Any CPU
		{5F84A76F-0702-4DC4-AD51-FD1C61A2790F}.Debug|Any CPU.ActiveCfg = Debug|Any CPU
		{5F84A76F-0702-4DC4-AD51-FD1C61A2790F}.Debug|Any CPU.Build.0 = Debug|Any CPU
		{5F84A76F-0702-4DC4-AD51-FD1C61A2790F}.Release|Any CPU.ActiveCfg = Release|Any CPU
		{5F84A76F-0702-4DC4-AD51-FD1C61A2790F}.Release|Any CPU.Build.0 = Release|Any CPU
		{5F84A76F-0702-4DC4-AD51-FD1C61A2790F}.Test|Any CPU.ActiveCfg = Debug|Any CPU
		{5F84A76F-0702-4DC4-AD51-FD1C61A2790F}.Test|Any CPU.Build.0 = Debug|Any CPU
		{C6FC759D-FA75-4231-8685-1029E06E5905}.Acceptance|Any CPU.ActiveCfg = Debug|Any CPU
		{C6FC759D-FA75-4231-8685-1029E06E5905}.Acceptance|Any CPU.Build.0 = Debug|Any CPU
		{C6FC759D-FA75-4231-8685-1029E06E5905}.Debug|Any CPU.ActiveCfg = Debug|Any CPU
		{C6FC759D-FA75-4231-8685-1029E06E5905}.Debug|Any CPU.Build.0 = Debug|Any CPU
		{C6FC759D-FA75-4231-8685-1029E06E5905}.Release|Any CPU.ActiveCfg = Release|Any CPU
		{C6FC759D-FA75-4231-8685-1029E06E5905}.Release|Any CPU.Build.0 = Release|Any CPU
		{C6FC759D-FA75-4231-8685-1029E06E5905}.Test|Any CPU.ActiveCfg = Debug|Any CPU
		{C6FC759D-FA75-4231-8685-1029E06E5905}.Test|Any CPU.Build.0 = Debug|Any CPU
		{36A96BC9-1D54-4593-9BB9-77BAA7FC31E5}.Acceptance|Any CPU.ActiveCfg = Debug|Any CPU
		{36A96BC9-1D54-4593-9BB9-77BAA7FC31E5}.Acceptance|Any CPU.Build.0 = Debug|Any CPU
		{36A96BC9-1D54-4593-9BB9-77BAA7FC31E5}.Debug|Any CPU.ActiveCfg = Debug|Any CPU
		{36A96BC9-1D54-4593-9BB9-77BAA7FC31E5}.Debug|Any CPU.Build.0 = Debug|Any CPU
		{36A96BC9-1D54-4593-9BB9-77BAA7FC31E5}.Release|Any CPU.ActiveCfg = Release|Any CPU
		{36A96BC9-1D54-4593-9BB9-77BAA7FC31E5}.Release|Any CPU.Build.0 = Release|Any CPU
		{36A96BC9-1D54-4593-9BB9-77BAA7FC31E5}.Test|Any CPU.ActiveCfg = Debug|Any CPU
		{36A96BC9-1D54-4593-9BB9-77BAA7FC31E5}.Test|Any CPU.Build.0 = Debug|Any CPU
		{3F1D2C9B-3259-4501-9481-231CFE52F5AE}.Acceptance|Any CPU.ActiveCfg = Acceptance|Any CPU
		{3F1D2C9B-3259-4501-9481-231CFE52F5AE}.Acceptance|Any CPU.Build.0 = Acceptance|Any CPU
		{3F1D2C9B-3259-4501-9481-231CFE52F5AE}.Debug|Any CPU.ActiveCfg = Debug|Any CPU
		{3F1D2C9B-3259-4501-9481-231CFE52F5AE}.Debug|Any CPU.Build.0 = Debug|Any CPU
		{3F1D2C9B-3259-4501-9481-231CFE52F5AE}.Release|Any CPU.ActiveCfg = Release|Any CPU
		{3F1D2C9B-3259-4501-9481-231CFE52F5AE}.Release|Any CPU.Build.0 = Release|Any CPU
		{3F1D2C9B-3259-4501-9481-231CFE52F5AE}.Test|Any CPU.ActiveCfg = Test|Any CPU
		{3F1D2C9B-3259-4501-9481-231CFE52F5AE}.Test|Any CPU.Build.0 = Test|Any CPU
		{637F5998-1B8B-4CF7-AA9B-6D4FAA683CB7}.Acceptance|Any CPU.ActiveCfg = Acceptance|Any CPU
		{637F5998-1B8B-4CF7-AA9B-6D4FAA683CB7}.Acceptance|Any CPU.Build.0 = Acceptance|Any CPU
		{637F5998-1B8B-4CF7-AA9B-6D4FAA683CB7}.Debug|Any CPU.ActiveCfg = Debug|Any CPU
		{637F5998-1B8B-4CF7-AA9B-6D4FAA683CB7}.Debug|Any CPU.Build.0 = Debug|Any CPU
		{637F5998-1B8B-4CF7-AA9B-6D4FAA683CB7}.Release|Any CPU.ActiveCfg = Release|Any CPU
		{637F5998-1B8B-4CF7-AA9B-6D4FAA683CB7}.Release|Any CPU.Build.0 = Release|Any CPU
		{637F5998-1B8B-4CF7-AA9B-6D4FAA683CB7}.Test|Any CPU.ActiveCfg = Test|Any CPU
		{637F5998-1B8B-4CF7-AA9B-6D4FAA683CB7}.Test|Any CPU.Build.0 = Test|Any CPU
		{1EDBFBA4-A5F6-49A2-95C0-35A70D2A9EE0}.Acceptance|Any CPU.ActiveCfg = Debug|Any CPU
		{1EDBFBA4-A5F6-49A2-95C0-35A70D2A9EE0}.Acceptance|Any CPU.Build.0 = Debug|Any CPU
		{1EDBFBA4-A5F6-49A2-95C0-35A70D2A9EE0}.Debug|Any CPU.ActiveCfg = Debug|Any CPU
		{1EDBFBA4-A5F6-49A2-95C0-35A70D2A9EE0}.Debug|Any CPU.Build.0 = Debug|Any CPU
		{1EDBFBA4-A5F6-49A2-95C0-35A70D2A9EE0}.Release|Any CPU.ActiveCfg = Release|Any CPU
		{1EDBFBA4-A5F6-49A2-95C0-35A70D2A9EE0}.Release|Any CPU.Build.0 = Release|Any CPU
		{1EDBFBA4-A5F6-49A2-95C0-35A70D2A9EE0}.Test|Any CPU.ActiveCfg = Debug|Any CPU
		{1EDBFBA4-A5F6-49A2-95C0-35A70D2A9EE0}.Test|Any CPU.Build.0 = Debug|Any CPU
	EndGlobalSection
	GlobalSection(SolutionProperties) = preSolution
		HideSolutionNode = FALSE
	EndGlobalSection
	GlobalSection(NestedProjects) = preSolution
		{0928F6BC-83D6-4E20-A6F7-DC6169D9AE6A} = {5907A031-DD96-4ED8-9CB4-3710B6B9CBCC}
		{A09798E1-EBD3-451B-AC37-778682606B7B} = {5907A031-DD96-4ED8-9CB4-3710B6B9CBCC}
		{D6982F0D-780C-4C3A-BDF8-EAA2F69CFC2C} = {A09798E1-EBD3-451B-AC37-778682606B7B}
		{5F84A76F-0702-4DC4-AD51-FD1C61A2790F} = {0928F6BC-83D6-4E20-A6F7-DC6169D9AE6A}
		{C6FC759D-FA75-4231-8685-1029E06E5905} = {0928F6BC-83D6-4E20-A6F7-DC6169D9AE6A}
		{36A96BC9-1D54-4593-9BB9-77BAA7FC31E5} = {BE18D087-D538-4650-8DF1-444B7AB58B3F}
		{3F1D2C9B-3259-4501-9481-231CFE52F5AE} = {BE18D087-D538-4650-8DF1-444B7AB58B3F}
		{637F5998-1B8B-4CF7-AA9B-6D4FAA683CB7} = {BE18D087-D538-4650-8DF1-444B7AB58B3F}
		{1EDBFBA4-A5F6-49A2-95C0-35A70D2A9EE0} = {BE18D087-D538-4650-8DF1-444B7AB58B3F}
	EndGlobalSection
	GlobalSection(ExtensibilityGlobals) = postSolution
		SolutionGuid = {A2D3C8D5-5968-4059-982D-D99C0CAC4331}
	EndGlobalSection
EndGlobal
