
Microsoft Visual Studio Solution File, Format Version 12.00
# Visual Studio Version 17
VisualStudioVersion = 17.5.33209.295
MinimumVisualStudioVersion = 10.0.40219.1
Project("{2150E333-8FDC-42A3-9474-1A3956D46DE8}") = "Core", "Core", "{BE18D087-D538-4650-8DF1-444B7AB58B3F}"
EndProject
Project("{2150E333-8FDC-42A3-9474-1A3956D46DE8}") = "Functions", "Functions", "{5907A031-DD96-4ED8-9CB4-3710B6B9CBCC}"
EndProject
Project("{9A19103F-16F7-4668-BE54-9A1E7A4F7556}") = "LHDS.Core", "LHDS.Core\LHDS.Core.csproj", "{0AB66236-9B3B-441E-B072-1FD5719010F0}"
EndProject
Project("{9A19103F-16F7-4668-BE54-9A1E7A4F7556}") = "LHDS.Core.Tests.Acceptance", "LHDS.Core.Tests.Acceptance\LHDS.Core.Tests.Acceptance.csproj", "{B6AECED4-CC98-4053-B816-80488D22766C}"
EndProject
Project("{9A19103F-16F7-4668-BE54-9A1E7A4F7556}") = "LHDS.Core.Tests.Unit", "LHDS.Core.Tests.Unit\LHDS.Core.Tests.Unit.csproj", "{5B2914D9-2FBC-4B1A-B637-7E5140C03269}"
EndProject
Project("{2150E333-8FDC-42A3-9474-1A3956D46DE8}") = "Backend", "Backend", "{B1DA7D1A-FD4D-41CF-AEFE-E390028F2148}"
EndProject
Project("{2150E333-8FDC-42A3-9474-1A3956D46DE8}") = "Frontend", "Frontend", "{72C7EA68-37C2-4C6E-9B71-33227CEDA546}"
EndProject
Project("{9A19103F-16F7-4668-BE54-9A1E7A4F7556}") = "LHDS.Functions.Landings.Emis", "LHDS.Functions.Landings.Emis\LHDS.Functions.Landings.Emis.csproj", "{0C362780-955D-4476-B7D4-591452A26B10}"
EndProject
Project("{9A19103F-16F7-4668-BE54-9A1E7A4F7556}") = "LHDS.Functions.Landings.Tpp", "LHDS.Functions.Landings.Tpp\LHDS.Functions.Landings.Tpp.csproj", "{6193C78D-6755-45DA-93D3-7584CA31B48D}"
EndProject
Project("{9A19103F-16F7-4668-BE54-9A1E7A4F7556}") = "LHDS.AdminPortal.Web", "LHDS.AdminPortal.Web\LHDS.AdminPortal.Web.csproj", "{96FCE20D-4D48-4A6B-ADCC-D87DBA3F4649}"
EndProject
Project("{9A19103F-16F7-4668-BE54-9A1E7A4F7556}") = "LHDS.AdminPortal.Api", "LHDS.AdminPortal.Api\LHDS.AdminPortal.Api.csproj", "{447E5533-9728-42FF-AAF7-AC50081BD026}"
EndProject
Project("{9A19103F-16F7-4668-BE54-9A1E7A4F7556}") = "LHDS.AdminPortal.Api.Tests.Acceptance", "LHDS.AdminPortal.Api.Tests.Acceptance\LHDS.AdminPortal.Api.Tests.Acceptance.csproj", "{0C94F40A-C5A7-40A5-AE49-8975D3B4BE46}"
EndProject
Project("{9A19103F-16F7-4668-BE54-9A1E7A4F7556}") = "LHDS.Core.SeedGenerator", "LHDS.Core.SeedGenerator\LHDS.Core.SeedGenerator.csproj", "{A3DAC0F3-6C9B-491A-805E-42DA6D08D74B}"
EndProject
Project("{9A19103F-16F7-4668-BE54-9A1E7A4F7556}") = "LHDS.AdminPortal.Api.Tests.Unit", "LHDS.AdminPortal.Api.Tests.Unit\LHDS.AdminPortal.Api.Tests.Unit.csproj", "{E53B3EBE-3488-445E-8769-561FA1B6C359}"
EndProject
Project("{9A19103F-16F7-4668-BE54-9A1E7A4F7556}") = "LHDS.Core.Tests.Integration.Decryptions", "LHDS.Core.Tests.Integration.Decryptions\LHDS.Core.Tests.Integration.Decryptions.csproj", "{A0D864D5-E65D-4084-8AE2-CE402ED128C2}"
EndProject
Project("{9A19103F-16F7-4668-BE54-9A1E7A4F7556}") = "LHDS.Core.Tests.Integration.EmisLandings", "LHDS.Core.Tests.Integration.EmisLandings\LHDS.Core.Tests.Integration.EmisLandings.csproj", "{5C174B0B-175F-46CE-B883-C769F311FF2D}"
EndProject
Project("{9A19103F-16F7-4668-BE54-9A1E7A4F7556}") = "LHDS.Core.Tests.Integration.OptOuts", "LHDS.Core.Tests.Integration.OptOuts\LHDS.Core.Tests.Integration.OptOuts.csproj", "{C30CA0DE-3EB0-4324-A0EA-495F9B672A7B}"
EndProject
Project("{9A19103F-16F7-4668-BE54-9A1E7A4F7556}") = "LHDS.Functions.OptOut", "LHDS.Functions.OptOut\LHDS.Functions.OptOut.csproj", "{651188AA-4DAB-46FA-8215-AECAE69B0691}"
EndProject
Project("{9A19103F-16F7-4668-BE54-9A1E7A4F7556}") = "LHDS.Functions.Pds", "LHDS.Functions.Pds\LHDS.Functions.Pds.csproj", "{29D6DBA1-07AC-4EEE-AFE5-AAE2D38A32CF}"
EndProject
Project("{9A19103F-16F7-4668-BE54-9A1E7A4F7556}") = "LHDS.Core.Tests.Integration.Pds", "LHDS.Core.Tests.Integration.Pds\LHDS.Core.Tests.Integration.Pds.csproj", "{1EDBC329-C214-42F0-BA1E-7AFDDE3117BC}"
EndProject
Project("{9A19103F-16F7-4668-BE54-9A1E7A4F7556}") = "LHDS.Core.Tests.Integration.TppLandings", "LHDS.Core.Tests.Integration.TppLandings\LHDS.Core.Tests.Integration.TppLandings.csproj", "{B0A74F1D-B7B8-4223-AA62-E4277846CC5D}"
EndProject
Project("{9A19103F-16F7-4668-BE54-9A1E7A4F7556}") = "LHDS.Functions.Addresses", "LHDS.Functions.Addresses\LHDS.Functions.Addresses.csproj", "{DC4A90D0-3142-41AA-BA01-B16603B0D578}"
EndProject
Project("{9A19103F-16F7-4668-BE54-9A1E7A4F7556}") = "LHDS.Core.Tests.Integration.Addresses", "LHDS.Core.Tests.Integration.Addresses\LHDS.Core.Tests.Integration.Addresses.csproj", "{00E33256-509B-47CE-AFF9-2DEA52E04B0B}"
EndProject
Project("{9A19103F-16F7-4668-BE54-9A1E7A4F7556}") = "LHDS.Core.Tests.Integration.Addresses.Console", "LHDS.Core.Tests.Integration.Addresses.Console\LHDS.Core.Tests.Integration.Addresses.Console.csproj", "{8C08C6FB-8729-4D2B-AB36-42E289D079EA}"
EndProject
Project("{9A19103F-16F7-4668-BE54-9A1E7A4F7556}") = "LHDS.Functions.Terminology", "LHDS.Functions.Terminology\LHDS.Functions.Terminology.csproj", "{D0C9BAF6-E862-497D-B3B4-9BABB3B2B34E}"
EndProject
Project("{9A19103F-16F7-4668-BE54-9A1E7A4F7556}") = "LHDS.Core.Tests.Integration.Terminology", "LHDS.Core.Tests.Integration.Terminology\LHDS.Core.Tests.Integration.Terminology.csproj", "{1E18210A-7575-45E5-9F16-7B806B032F72}"
EndProject
Project("{2150E333-8FDC-42A3-9474-1A3956D46DE8}") = "ConfigImportExportTool", "ConfigImportExportTool", "{026243AA-56AF-48C7-9E7F-8279241AAE6E}"
EndProject
Project("{9A19103F-16F7-4668-BE54-9A1E7A4F7556}") = "LHDS.ConfigImportExportTool", "LHDS.ConfigImportExportTool\LHDS.ConfigImportExportTool.csproj", "{53174C39-E0C0-4C13-8DA1-868638213F4A}"
EndProject
Project("{9A19103F-16F7-4668-BE54-9A1E7A4F7556}") = "LHDS.ConfigImportExportTool.Tests.Unit", "LHDS.ConfigImportExportTool.Tests.Unit\LHDS.ConfigImportExportTool.Tests.Unit.csproj", "{9384DAB7-F90B-4CC0-8DE9-4C4D27817F8D}"
EndProject
Project("{9A19103F-16F7-4668-BE54-9A1E7A4F7556}") = "LHDS.ConfigImportExportTool.Tests.Acceptance", "LHDS.ConfigImportExportTool.Tests.Acceptance\LHDS.ConfigImportExportTool.Tests.Acceptance.csproj", "{95398998-8C96-4588-9342-934FF09CFA53}"
EndProject
Global
	GlobalSection(SolutionConfigurationPlatforms) = preSolution
		Acceptance|Any CPU = Acceptance|Any CPU
		Debug|Any CPU = Debug|Any CPU
		Release|Any CPU = Release|Any CPU
		Test|Any CPU = Test|Any CPU
	EndGlobalSection
	GlobalSection(ProjectConfigurationPlatforms) = postSolution
		{0AB66236-9B3B-441E-B072-1FD5719010F0}.Acceptance|Any CPU.ActiveCfg = Debug|Any CPU
		{0AB66236-9B3B-441E-B072-1FD5719010F0}.Acceptance|Any CPU.Build.0 = Debug|Any CPU
		{0AB66236-9B3B-441E-B072-1FD5719010F0}.Debug|Any CPU.ActiveCfg = Debug|Any CPU
		{0AB66236-9B3B-441E-B072-1FD5719010F0}.Debug|Any CPU.Build.0 = Debug|Any CPU
		{0AB66236-9B3B-441E-B072-1FD5719010F0}.Release|Any CPU.ActiveCfg = Release|Any CPU
		{0AB66236-9B3B-441E-B072-1FD5719010F0}.Release|Any CPU.Build.0 = Release|Any CPU
		{0AB66236-9B3B-441E-B072-1FD5719010F0}.Test|Any CPU.ActiveCfg = Debug|Any CPU
		{0AB66236-9B3B-441E-B072-1FD5719010F0}.Test|Any CPU.Build.0 = Debug|Any CPU
		{B6AECED4-CC98-4053-B816-80488D22766C}.Acceptance|Any CPU.ActiveCfg = Acceptance|Any CPU
		{B6AECED4-CC98-4053-B816-80488D22766C}.Acceptance|Any CPU.Build.0 = Acceptance|Any CPU
		{B6AECED4-CC98-4053-B816-80488D22766C}.Debug|Any CPU.ActiveCfg = Debug|Any CPU
		{B6AECED4-CC98-4053-B816-80488D22766C}.Debug|Any CPU.Build.0 = Debug|Any CPU
		{B6AECED4-CC98-4053-B816-80488D22766C}.Release|Any CPU.ActiveCfg = Release|Any CPU
		{B6AECED4-CC98-4053-B816-80488D22766C}.Release|Any CPU.Build.0 = Release|Any CPU
		{B6AECED4-CC98-4053-B816-80488D22766C}.Test|Any CPU.ActiveCfg = Test|Any CPU
		{B6AECED4-CC98-4053-B816-80488D22766C}.Test|Any CPU.Build.0 = Test|Any CPU
		{5B2914D9-2FBC-4B1A-B637-7E5140C03269}.Acceptance|Any CPU.ActiveCfg = Acceptance|Any CPU
		{5B2914D9-2FBC-4B1A-B637-7E5140C03269}.Acceptance|Any CPU.Build.0 = Acceptance|Any CPU
		{5B2914D9-2FBC-4B1A-B637-7E5140C03269}.Debug|Any CPU.ActiveCfg = Debug|Any CPU
		{5B2914D9-2FBC-4B1A-B637-7E5140C03269}.Debug|Any CPU.Build.0 = Debug|Any CPU
		{5B2914D9-2FBC-4B1A-B637-7E5140C03269}.Release|Any CPU.ActiveCfg = Release|Any CPU
		{5B2914D9-2FBC-4B1A-B637-7E5140C03269}.Release|Any CPU.Build.0 = Release|Any CPU
		{5B2914D9-2FBC-4B1A-B637-7E5140C03269}.Test|Any CPU.ActiveCfg = Test|Any CPU
		{5B2914D9-2FBC-4B1A-B637-7E5140C03269}.Test|Any CPU.Build.0 = Test|Any CPU
		{0C362780-955D-4476-B7D4-591452A26B10}.Acceptance|Any CPU.ActiveCfg = Debug|Any CPU
		{0C362780-955D-4476-B7D4-591452A26B10}.Acceptance|Any CPU.Build.0 = Debug|Any CPU
		{0C362780-955D-4476-B7D4-591452A26B10}.Debug|Any CPU.ActiveCfg = Debug|Any CPU
		{0C362780-955D-4476-B7D4-591452A26B10}.Debug|Any CPU.Build.0 = Debug|Any CPU
		{0C362780-955D-4476-B7D4-591452A26B10}.Release|Any CPU.ActiveCfg = Release|Any CPU
		{0C362780-955D-4476-B7D4-591452A26B10}.Release|Any CPU.Build.0 = Release|Any CPU
		{0C362780-955D-4476-B7D4-591452A26B10}.Test|Any CPU.ActiveCfg = Debug|Any CPU
		{0C362780-955D-4476-B7D4-591452A26B10}.Test|Any CPU.Build.0 = Debug|Any CPU
		{6193C78D-6755-45DA-93D3-7584CA31B48D}.Acceptance|Any CPU.ActiveCfg = Debug|Any CPU
		{6193C78D-6755-45DA-93D3-7584CA31B48D}.Acceptance|Any CPU.Build.0 = Debug|Any CPU
		{6193C78D-6755-45DA-93D3-7584CA31B48D}.Debug|Any CPU.ActiveCfg = Debug|Any CPU
		{6193C78D-6755-45DA-93D3-7584CA31B48D}.Debug|Any CPU.Build.0 = Debug|Any CPU
		{6193C78D-6755-45DA-93D3-7584CA31B48D}.Release|Any CPU.ActiveCfg = Release|Any CPU
		{6193C78D-6755-45DA-93D3-7584CA31B48D}.Release|Any CPU.Build.0 = Release|Any CPU
		{6193C78D-6755-45DA-93D3-7584CA31B48D}.Test|Any CPU.ActiveCfg = Debug|Any CPU
		{6193C78D-6755-45DA-93D3-7584CA31B48D}.Test|Any CPU.Build.0 = Debug|Any CPU
		{96FCE20D-4D48-4A6B-ADCC-D87DBA3F4649}.Acceptance|Any CPU.ActiveCfg = Debug|Any CPU
		{96FCE20D-4D48-4A6B-ADCC-D87DBA3F4649}.Acceptance|Any CPU.Build.0 = Debug|Any CPU
		{96FCE20D-4D48-4A6B-ADCC-D87DBA3F4649}.Debug|Any CPU.ActiveCfg = Debug|Any CPU
		{96FCE20D-4D48-4A6B-ADCC-D87DBA3F4649}.Debug|Any CPU.Build.0 = Debug|Any CPU
		{96FCE20D-4D48-4A6B-ADCC-D87DBA3F4649}.Release|Any CPU.ActiveCfg = Release|Any CPU
		{96FCE20D-4D48-4A6B-ADCC-D87DBA3F4649}.Release|Any CPU.Build.0 = Release|Any CPU
		{96FCE20D-4D48-4A6B-ADCC-D87DBA3F4649}.Test|Any CPU.ActiveCfg = Debug|Any CPU
		{96FCE20D-4D48-4A6B-ADCC-D87DBA3F4649}.Test|Any CPU.Build.0 = Debug|Any CPU
		{447E5533-9728-42FF-AAF7-AC50081BD026}.Acceptance|Any CPU.ActiveCfg = Debug|Any CPU
		{447E5533-9728-42FF-AAF7-AC50081BD026}.Acceptance|Any CPU.Build.0 = Debug|Any CPU
		{447E5533-9728-42FF-AAF7-AC50081BD026}.Debug|Any CPU.ActiveCfg = Debug|Any CPU
		{447E5533-9728-42FF-AAF7-AC50081BD026}.Debug|Any CPU.Build.0 = Debug|Any CPU
		{447E5533-9728-42FF-AAF7-AC50081BD026}.Release|Any CPU.ActiveCfg = Release|Any CPU
		{447E5533-9728-42FF-AAF7-AC50081BD026}.Release|Any CPU.Build.0 = Release|Any CPU
		{447E5533-9728-42FF-AAF7-AC50081BD026}.Test|Any CPU.ActiveCfg = Debug|Any CPU
		{447E5533-9728-42FF-AAF7-AC50081BD026}.Test|Any CPU.Build.0 = Debug|Any CPU
		{0C94F40A-C5A7-40A5-AE49-8975D3B4BE46}.Acceptance|Any CPU.ActiveCfg = Acceptance|Any CPU
		{0C94F40A-C5A7-40A5-AE49-8975D3B4BE46}.Acceptance|Any CPU.Build.0 = Acceptance|Any CPU
		{0C94F40A-C5A7-40A5-AE49-8975D3B4BE46}.Debug|Any CPU.ActiveCfg = Debug|Any CPU
		{0C94F40A-C5A7-40A5-AE49-8975D3B4BE46}.Debug|Any CPU.Build.0 = Debug|Any CPU
		{0C94F40A-C5A7-40A5-AE49-8975D3B4BE46}.Release|Any CPU.ActiveCfg = Release|Any CPU
		{0C94F40A-C5A7-40A5-AE49-8975D3B4BE46}.Release|Any CPU.Build.0 = Release|Any CPU
		{0C94F40A-C5A7-40A5-AE49-8975D3B4BE46}.Test|Any CPU.ActiveCfg = Test|Any CPU
		{0C94F40A-C5A7-40A5-AE49-8975D3B4BE46}.Test|Any CPU.Build.0 = Test|Any CPU
		{A3DAC0F3-6C9B-491A-805E-42DA6D08D74B}.Acceptance|Any CPU.ActiveCfg = Debug|Any CPU
		{A3DAC0F3-6C9B-491A-805E-42DA6D08D74B}.Acceptance|Any CPU.Build.0 = Debug|Any CPU
		{A3DAC0F3-6C9B-491A-805E-42DA6D08D74B}.Debug|Any CPU.ActiveCfg = Debug|Any CPU
		{A3DAC0F3-6C9B-491A-805E-42DA6D08D74B}.Debug|Any CPU.Build.0 = Debug|Any CPU
		{A3DAC0F3-6C9B-491A-805E-42DA6D08D74B}.Release|Any CPU.ActiveCfg = Release|Any CPU
		{A3DAC0F3-6C9B-491A-805E-42DA6D08D74B}.Release|Any CPU.Build.0 = Release|Any CPU
		{A3DAC0F3-6C9B-491A-805E-42DA6D08D74B}.Test|Any CPU.ActiveCfg = Debug|Any CPU
		{A3DAC0F3-6C9B-491A-805E-42DA6D08D74B}.Test|Any CPU.Build.0 = Debug|Any CPU
		{E53B3EBE-3488-445E-8769-561FA1B6C359}.Acceptance|Any CPU.ActiveCfg = Acceptance|Any CPU
		{E53B3EBE-3488-445E-8769-561FA1B6C359}.Acceptance|Any CPU.Build.0 = Acceptance|Any CPU
		{E53B3EBE-3488-445E-8769-561FA1B6C359}.Debug|Any CPU.ActiveCfg = Debug|Any CPU
		{E53B3EBE-3488-445E-8769-561FA1B6C359}.Debug|Any CPU.Build.0 = Debug|Any CPU
		{E53B3EBE-3488-445E-8769-561FA1B6C359}.Release|Any CPU.ActiveCfg = Release|Any CPU
		{E53B3EBE-3488-445E-8769-561FA1B6C359}.Release|Any CPU.Build.0 = Release|Any CPU
		{E53B3EBE-3488-445E-8769-561FA1B6C359}.Test|Any CPU.ActiveCfg = Test|Any CPU
		{E53B3EBE-3488-445E-8769-561FA1B6C359}.Test|Any CPU.Build.0 = Test|Any CPU
		{A0D864D5-E65D-4084-8AE2-CE402ED128C2}.Acceptance|Any CPU.ActiveCfg = Debug|Any CPU
		{A0D864D5-E65D-4084-8AE2-CE402ED128C2}.Acceptance|Any CPU.Build.0 = Debug|Any CPU
		{A0D864D5-E65D-4084-8AE2-CE402ED128C2}.Debug|Any CPU.ActiveCfg = Debug|Any CPU
		{A0D864D5-E65D-4084-8AE2-CE402ED128C2}.Debug|Any CPU.Build.0 = Debug|Any CPU
		{A0D864D5-E65D-4084-8AE2-CE402ED128C2}.Release|Any CPU.ActiveCfg = Release|Any CPU
		{A0D864D5-E65D-4084-8AE2-CE402ED128C2}.Release|Any CPU.Build.0 = Release|Any CPU
		{A0D864D5-E65D-4084-8AE2-CE402ED128C2}.Test|Any CPU.ActiveCfg = Debug|Any CPU
		{A0D864D5-E65D-4084-8AE2-CE402ED128C2}.Test|Any CPU.Build.0 = Debug|Any CPU
		{5C174B0B-175F-46CE-B883-C769F311FF2D}.Acceptance|Any CPU.ActiveCfg = Acceptance|Any CPU
		{5C174B0B-175F-46CE-B883-C769F311FF2D}.Acceptance|Any CPU.Build.0 = Acceptance|Any CPU
		{5C174B0B-175F-46CE-B883-C769F311FF2D}.Debug|Any CPU.ActiveCfg = Debug|Any CPU
		{5C174B0B-175F-46CE-B883-C769F311FF2D}.Debug|Any CPU.Build.0 = Debug|Any CPU
		{5C174B0B-175F-46CE-B883-C769F311FF2D}.Release|Any CPU.ActiveCfg = Release|Any CPU
		{5C174B0B-175F-46CE-B883-C769F311FF2D}.Release|Any CPU.Build.0 = Release|Any CPU
		{5C174B0B-175F-46CE-B883-C769F311FF2D}.Test|Any CPU.ActiveCfg = Test|Any CPU
		{5C174B0B-175F-46CE-B883-C769F311FF2D}.Test|Any CPU.Build.0 = Test|Any CPU
		{C30CA0DE-3EB0-4324-A0EA-495F9B672A7B}.Acceptance|Any CPU.ActiveCfg = Acceptance|Any CPU
		{C30CA0DE-3EB0-4324-A0EA-495F9B672A7B}.Acceptance|Any CPU.Build.0 = Acceptance|Any CPU
		{C30CA0DE-3EB0-4324-A0EA-495F9B672A7B}.Debug|Any CPU.ActiveCfg = Debug|Any CPU
		{C30CA0DE-3EB0-4324-A0EA-495F9B672A7B}.Debug|Any CPU.Build.0 = Debug|Any CPU
		{C30CA0DE-3EB0-4324-A0EA-495F9B672A7B}.Release|Any CPU.ActiveCfg = Release|Any CPU
		{C30CA0DE-3EB0-4324-A0EA-495F9B672A7B}.Release|Any CPU.Build.0 = Release|Any CPU
		{C30CA0DE-3EB0-4324-A0EA-495F9B672A7B}.Test|Any CPU.ActiveCfg = Test|Any CPU
		{C30CA0DE-3EB0-4324-A0EA-495F9B672A7B}.Test|Any CPU.Build.0 = Test|Any CPU
		{651188AA-4DAB-46FA-8215-AECAE69B0691}.Acceptance|Any CPU.ActiveCfg = Debug|Any CPU
		{651188AA-4DAB-46FA-8215-AECAE69B0691}.Acceptance|Any CPU.Build.0 = Debug|Any CPU
		{651188AA-4DAB-46FA-8215-AECAE69B0691}.Debug|Any CPU.ActiveCfg = Debug|Any CPU
		{651188AA-4DAB-46FA-8215-AECAE69B0691}.Debug|Any CPU.Build.0 = Debug|Any CPU
		{651188AA-4DAB-46FA-8215-AECAE69B0691}.Release|Any CPU.ActiveCfg = Release|Any CPU
		{651188AA-4DAB-46FA-8215-AECAE69B0691}.Release|Any CPU.Build.0 = Release|Any CPU
		{651188AA-4DAB-46FA-8215-AECAE69B0691}.Test|Any CPU.ActiveCfg = Debug|Any CPU
		{651188AA-4DAB-46FA-8215-AECAE69B0691}.Test|Any CPU.Build.0 = Debug|Any CPU
		{29D6DBA1-07AC-4EEE-AFE5-AAE2D38A32CF}.Acceptance|Any CPU.ActiveCfg = Debug|Any CPU
		{29D6DBA1-07AC-4EEE-AFE5-AAE2D38A32CF}.Acceptance|Any CPU.Build.0 = Debug|Any CPU
		{29D6DBA1-07AC-4EEE-AFE5-AAE2D38A32CF}.Debug|Any CPU.ActiveCfg = Debug|Any CPU
		{29D6DBA1-07AC-4EEE-AFE5-AAE2D38A32CF}.Debug|Any CPU.Build.0 = Debug|Any CPU
		{29D6DBA1-07AC-4EEE-AFE5-AAE2D38A32CF}.Release|Any CPU.ActiveCfg = Release|Any CPU
		{29D6DBA1-07AC-4EEE-AFE5-AAE2D38A32CF}.Release|Any CPU.Build.0 = Release|Any CPU
		{29D6DBA1-07AC-4EEE-AFE5-AAE2D38A32CF}.Test|Any CPU.ActiveCfg = Debug|Any CPU
		{29D6DBA1-07AC-4EEE-AFE5-AAE2D38A32CF}.Test|Any CPU.Build.0 = Debug|Any CPU
		{1EDBC329-C214-42F0-BA1E-7AFDDE3117BC}.Acceptance|Any CPU.ActiveCfg = Debug|Any CPU
		{1EDBC329-C214-42F0-BA1E-7AFDDE3117BC}.Acceptance|Any CPU.Build.0 = Debug|Any CPU
		{1EDBC329-C214-42F0-BA1E-7AFDDE3117BC}.Debug|Any CPU.ActiveCfg = Debug|Any CPU
		{1EDBC329-C214-42F0-BA1E-7AFDDE3117BC}.Debug|Any CPU.Build.0 = Debug|Any CPU
		{1EDBC329-C214-42F0-BA1E-7AFDDE3117BC}.Release|Any CPU.ActiveCfg = Release|Any CPU
		{1EDBC329-C214-42F0-BA1E-7AFDDE3117BC}.Release|Any CPU.Build.0 = Release|Any CPU
		{1EDBC329-C214-42F0-BA1E-7AFDDE3117BC}.Test|Any CPU.ActiveCfg = Debug|Any CPU
		{1EDBC329-C214-42F0-BA1E-7AFDDE3117BC}.Test|Any CPU.Build.0 = Debug|Any CPU
		{B0A74F1D-B7B8-4223-AA62-E4277846CC5D}.Acceptance|Any CPU.ActiveCfg = Debug|Any CPU
		{B0A74F1D-B7B8-4223-AA62-E4277846CC5D}.Acceptance|Any CPU.Build.0 = Debug|Any CPU
		{B0A74F1D-B7B8-4223-AA62-E4277846CC5D}.Debug|Any CPU.ActiveCfg = Debug|Any CPU
		{B0A74F1D-B7B8-4223-AA62-E4277846CC5D}.Debug|Any CPU.Build.0 = Debug|Any CPU
		{B0A74F1D-B7B8-4223-AA62-E4277846CC5D}.Release|Any CPU.ActiveCfg = Release|Any CPU
		{B0A74F1D-B7B8-4223-AA62-E4277846CC5D}.Release|Any CPU.Build.0 = Release|Any CPU
		{B0A74F1D-B7B8-4223-AA62-E4277846CC5D}.Test|Any CPU.ActiveCfg = Debug|Any CPU
		{B0A74F1D-B7B8-4223-AA62-E4277846CC5D}.Test|Any CPU.Build.0 = Debug|Any CPU
		{DC4A90D0-3142-41AA-BA01-B16603B0D578}.Acceptance|Any CPU.ActiveCfg = Debug|Any CPU
		{DC4A90D0-3142-41AA-BA01-B16603B0D578}.Acceptance|Any CPU.Build.0 = Debug|Any CPU
		{DC4A90D0-3142-41AA-BA01-B16603B0D578}.Debug|Any CPU.ActiveCfg = Debug|Any CPU
		{DC4A90D0-3142-41AA-BA01-B16603B0D578}.Debug|Any CPU.Build.0 = Debug|Any CPU
		{DC4A90D0-3142-41AA-BA01-B16603B0D578}.Release|Any CPU.ActiveCfg = Release|Any CPU
		{DC4A90D0-3142-41AA-BA01-B16603B0D578}.Release|Any CPU.Build.0 = Release|Any CPU
		{DC4A90D0-3142-41AA-BA01-B16603B0D578}.Test|Any CPU.ActiveCfg = Debug|Any CPU
		{DC4A90D0-3142-41AA-BA01-B16603B0D578}.Test|Any CPU.Build.0 = Debug|Any CPU
		{00E33256-509B-47CE-AFF9-2DEA52E04B0B}.Acceptance|Any CPU.ActiveCfg = Acceptance|Any CPU
		{00E33256-509B-47CE-AFF9-2DEA52E04B0B}.Acceptance|Any CPU.Build.0 = Acceptance|Any CPU
		{00E33256-509B-47CE-AFF9-2DEA52E04B0B}.Debug|Any CPU.ActiveCfg = Debug|Any CPU
		{00E33256-509B-47CE-AFF9-2DEA52E04B0B}.Debug|Any CPU.Build.0 = Debug|Any CPU
		{00E33256-509B-47CE-AFF9-2DEA52E04B0B}.Release|Any CPU.ActiveCfg = Release|Any CPU
		{00E33256-509B-47CE-AFF9-2DEA52E04B0B}.Release|Any CPU.Build.0 = Release|Any CPU
		{00E33256-509B-47CE-AFF9-2DEA52E04B0B}.Test|Any CPU.ActiveCfg = Test|Any CPU
		{00E33256-509B-47CE-AFF9-2DEA52E04B0B}.Test|Any CPU.Build.0 = Test|Any CPU
		{8C08C6FB-8729-4D2B-AB36-42E289D079EA}.Acceptance|Any CPU.ActiveCfg = Debug|Any CPU
		{8C08C6FB-8729-4D2B-AB36-42E289D079EA}.Acceptance|Any CPU.Build.0 = Debug|Any CPU
		{8C08C6FB-8729-4D2B-AB36-42E289D079EA}.Debug|Any CPU.ActiveCfg = Debug|Any CPU
		{8C08C6FB-8729-4D2B-AB36-42E289D079EA}.Debug|Any CPU.Build.0 = Debug|Any CPU
		{8C08C6FB-8729-4D2B-AB36-42E289D079EA}.Release|Any CPU.ActiveCfg = Release|Any CPU
		{8C08C6FB-8729-4D2B-AB36-42E289D079EA}.Release|Any CPU.Build.0 = Release|Any CPU
		{8C08C6FB-8729-4D2B-AB36-42E289D079EA}.Test|Any CPU.ActiveCfg = Debug|Any CPU
		{8C08C6FB-8729-4D2B-AB36-42E289D079EA}.Test|Any CPU.Build.0 = Debug|Any CPU
		{D0C9BAF6-E862-497D-B3B4-9BABB3B2B34E}.Acceptance|Any CPU.ActiveCfg = Debug|Any CPU
		{D0C9BAF6-E862-497D-B3B4-9BABB3B2B34E}.Acceptance|Any CPU.Build.0 = Debug|Any CPU
		{D0C9BAF6-E862-497D-B3B4-9BABB3B2B34E}.Debug|Any CPU.ActiveCfg = Debug|Any CPU
		{D0C9BAF6-E862-497D-B3B4-9BABB3B2B34E}.Debug|Any CPU.Build.0 = Debug|Any CPU
		{D0C9BAF6-E862-497D-B3B4-9BABB3B2B34E}.Release|Any CPU.ActiveCfg = Release|Any CPU
		{D0C9BAF6-E862-497D-B3B4-9BABB3B2B34E}.Release|Any CPU.Build.0 = Release|Any CPU
		{D0C9BAF6-E862-497D-B3B4-9BABB3B2B34E}.Test|Any CPU.ActiveCfg = Debug|Any CPU
		{D0C9BAF6-E862-497D-B3B4-9BABB3B2B34E}.Test|Any CPU.Build.0 = Debug|Any CPU
		{1E18210A-7575-45E5-9F16-7B806B032F72}.Acceptance|Any CPU.ActiveCfg = Acceptance|Any CPU
		{1E18210A-7575-45E5-9F16-7B806B032F72}.Acceptance|Any CPU.Build.0 = Acceptance|Any CPU
		{1E18210A-7575-45E5-9F16-7B806B032F72}.Debug|Any CPU.ActiveCfg = Debug|Any CPU
		{1E18210A-7575-45E5-9F16-7B806B032F72}.Debug|Any CPU.Build.0 = Debug|Any CPU
		{1E18210A-7575-45E5-9F16-7B806B032F72}.Release|Any CPU.ActiveCfg = Release|Any CPU
		{1E18210A-7575-45E5-9F16-7B806B032F72}.Release|Any CPU.Build.0 = Release|Any CPU
		{1E18210A-7575-45E5-9F16-7B806B032F72}.Test|Any CPU.ActiveCfg = Test|Any CPU
		{1E18210A-7575-45E5-9F16-7B806B032F72}.Test|Any CPU.Build.0 = Test|Any CPU
		{53174C39-E0C0-4C13-8DA1-868638213F4A}.Acceptance|Any CPU.ActiveCfg = Debug|Any CPU
		{53174C39-E0C0-4C13-8DA1-868638213F4A}.Acceptance|Any CPU.Build.0 = Debug|Any CPU
		{53174C39-E0C0-4C13-8DA1-868638213F4A}.Debug|Any CPU.ActiveCfg = Debug|Any CPU
		{53174C39-E0C0-4C13-8DA1-868638213F4A}.Debug|Any CPU.Build.0 = Debug|Any CPU
		{53174C39-E0C0-4C13-8DA1-868638213F4A}.Release|Any CPU.ActiveCfg = Release|Any CPU
		{53174C39-E0C0-4C13-8DA1-868638213F4A}.Release|Any CPU.Build.0 = Release|Any CPU
		{53174C39-E0C0-4C13-8DA1-868638213F4A}.Test|Any CPU.ActiveCfg = Debug|Any CPU
		{53174C39-E0C0-4C13-8DA1-868638213F4A}.Test|Any CPU.Build.0 = Debug|Any CPU
		{9384DAB7-F90B-4CC0-8DE9-4C4D27817F8D}.Acceptance|Any CPU.ActiveCfg = Debug|Any CPU
		{9384DAB7-F90B-4CC0-8DE9-4C4D27817F8D}.Acceptance|Any CPU.Build.0 = Debug|Any CPU
		{9384DAB7-F90B-4CC0-8DE9-4C4D27817F8D}.Debug|Any CPU.ActiveCfg = Debug|Any CPU
		{9384DAB7-F90B-4CC0-8DE9-4C4D27817F8D}.Debug|Any CPU.Build.0 = Debug|Any CPU
		{9384DAB7-F90B-4CC0-8DE9-4C4D27817F8D}.Release|Any CPU.ActiveCfg = Release|Any CPU
		{9384DAB7-F90B-4CC0-8DE9-4C4D27817F8D}.Release|Any CPU.Build.0 = Release|Any CPU
		{9384DAB7-F90B-4CC0-8DE9-4C4D27817F8D}.Test|Any CPU.ActiveCfg = Debug|Any CPU
		{9384DAB7-F90B-4CC0-8DE9-4C4D27817F8D}.Test|Any CPU.Build.0 = Debug|Any CPU
		{95398998-8C96-4588-9342-934FF09CFA53}.Acceptance|Any CPU.ActiveCfg = Debug|Any CPU
		{95398998-8C96-4588-9342-934FF09CFA53}.Acceptance|Any CPU.Build.0 = Debug|Any CPU
		{95398998-8C96-4588-9342-934FF09CFA53}.Debug|Any CPU.ActiveCfg = Debug|Any CPU
		{95398998-8C96-4588-9342-934FF09CFA53}.Debug|Any CPU.Build.0 = Debug|Any CPU
		{95398998-8C96-4588-9342-934FF09CFA53}.Release|Any CPU.ActiveCfg = Release|Any CPU
		{95398998-8C96-4588-9342-934FF09CFA53}.Release|Any CPU.Build.0 = Release|Any CPU
		{95398998-8C96-4588-9342-934FF09CFA53}.Test|Any CPU.ActiveCfg = Debug|Any CPU
		{95398998-8C96-4588-9342-934FF09CFA53}.Test|Any CPU.Build.0 = Debug|Any CPU
	EndGlobalSection
	GlobalSection(SolutionProperties) = preSolution
		HideSolutionNode = FALSE
	EndGlobalSection
	GlobalSection(NestedProjects) = preSolution
		{0AB66236-9B3B-441E-B072-1FD5719010F0} = {BE18D087-D538-4650-8DF1-444B7AB58B3F}
		{B6AECED4-CC98-4053-B816-80488D22766C} = {BE18D087-D538-4650-8DF1-444B7AB58B3F}
		{5B2914D9-2FBC-4B1A-B637-7E5140C03269} = {BE18D087-D538-4650-8DF1-444B7AB58B3F}
		{0C362780-955D-4476-B7D4-591452A26B10} = {5907A031-DD96-4ED8-9CB4-3710B6B9CBCC}
		{6193C78D-6755-45DA-93D3-7584CA31B48D} = {5907A031-DD96-4ED8-9CB4-3710B6B9CBCC}
		{96FCE20D-4D48-4A6B-ADCC-D87DBA3F4649} = {72C7EA68-37C2-4C6E-9B71-33227CEDA546}
		{447E5533-9728-42FF-AAF7-AC50081BD026} = {B1DA7D1A-FD4D-41CF-AEFE-E390028F2148}
		{0C94F40A-C5A7-40A5-AE49-8975D3B4BE46} = {B1DA7D1A-FD4D-41CF-AEFE-E390028F2148}
		{A3DAC0F3-6C9B-491A-805E-42DA6D08D74B} = {BE18D087-D538-4650-8DF1-444B7AB58B3F}
		{E53B3EBE-3488-445E-8769-561FA1B6C359} = {B1DA7D1A-FD4D-41CF-AEFE-E390028F2148}
		{A0D864D5-E65D-4084-8AE2-CE402ED128C2} = {BE18D087-D538-4650-8DF1-444B7AB58B3F}
		{5C174B0B-175F-46CE-B883-C769F311FF2D} = {BE18D087-D538-4650-8DF1-444B7AB58B3F}
		{C30CA0DE-3EB0-4324-A0EA-495F9B672A7B} = {BE18D087-D538-4650-8DF1-444B7AB58B3F}
		{651188AA-4DAB-46FA-8215-AECAE69B0691} = {5907A031-DD96-4ED8-9CB4-3710B6B9CBCC}
		{29D6DBA1-07AC-4EEE-AFE5-AAE2D38A32CF} = {5907A031-DD96-4ED8-9CB4-3710B6B9CBCC}
		{1EDBC329-C214-42F0-BA1E-7AFDDE3117BC} = {BE18D087-D538-4650-8DF1-444B7AB58B3F}
		{B0A74F1D-B7B8-4223-AA62-E4277846CC5D} = {BE18D087-D538-4650-8DF1-444B7AB58B3F}
		{DC4A90D0-3142-41AA-BA01-B16603B0D578} = {5907A031-DD96-4ED8-9CB4-3710B6B9CBCC}
		{00E33256-509B-47CE-AFF9-2DEA52E04B0B} = {BE18D087-D538-4650-8DF1-444B7AB58B3F}
		{8C08C6FB-8729-4D2B-AB36-42E289D079EA} = {BE18D087-D538-4650-8DF1-444B7AB58B3F}
		{D0C9BAF6-E862-497D-B3B4-9BABB3B2B34E} = {5907A031-DD96-4ED8-9CB4-3710B6B9CBCC}
		{1E18210A-7575-45E5-9F16-7B806B032F72} = {BE18D087-D538-4650-8DF1-444B7AB58B3F}
		{53174C39-E0C0-4C13-8DA1-868638213F4A} = {026243AA-56AF-48C7-9E7F-8279241AAE6E}
		{9384DAB7-F90B-4CC0-8DE9-4C4D27817F8D} = {026243AA-56AF-48C7-9E7F-8279241AAE6E}
		{95398998-8C96-4588-9342-934FF09CFA53} = {026243AA-56AF-48C7-9E7F-8279241AAE6E}
	EndGlobalSection
	GlobalSection(ExtensibilityGlobals) = postSolution
		SolutionGuid = {A2D3C8D5-5968-4059-982D-D99C0CAC4331}
	EndGlobalSection
EndGlobal
